
Microsoft Visual Studio Solution File, Format Version 12.00
# Visual Studio Version 17
VisualStudioVersion = 17.0.31903.59
MinimumVisualStudioVersion = 10.0.40219.1
Project("{FAE04EC0-301F-11D3-BF4B-00C04F79EFBC}") = "ClubeRank.Domain", "ClubeRank.Domain\ClubeRank.Domain.csproj", "{84FD118B-330A-4412-8798-107A23B300F2}"
EndProject
Project("{FAE04EC0-301F-11D3-BF4B-00C04F79EFBC}") = "ClubeRank.Application", "ClubeRank.Application\ClubeRank.Application.csproj", "{9E050378-A3A5-476F-8B29-C99AAEC3FF0A}"
EndProject
Project("{FAE04EC0-301F-11D3-BF4B-00C04F79EFBC}") = "ClubeRank.Api", "ClubeRank.Api\ClubeRank.Api.csproj", "{3F4C7841-55A4-416A-A747-6F1AB3AF7F72}"
EndProject
Project("{FAE04EC0-301F-11D3-BF4B-00C04F79EFBC}") = "ClubeRank.Infrastructure", "ClubeRank.Infrastructure\ClubeRank.Infrastructure.csproj", "{9B1AA101-C4DB-4EA9-8450-CE30921462C3}"
EndProject
Project("{FAE04EC0-301F-11D3-BF4B-00C04F79EFBC}") = "ClubeRank.Infrastructure.Data", "ClubeRank.Infrastructure.Data\ClubeRank.Infrastructure.Data.csproj", "{206E9442-FD56-4828-8C3E-B7B7A04D04C5}"
EndProject
Project("{FAE04EC0-301F-11D3-BF4B-00C04F79EFBC}") = "ClubeRank.Infrastructure.Identity", "ClubeRank.Infrastructure.Identity\ClubeRank.Infrastructure.Identity.csproj", "{A5C62E26-6D59-4915-8150-D867AF9427F1}"
EndProject
Project("{FAE04EC0-301F-11D3-BF4B-00C04F79EFBC}") = "ClubeRank.Infrastructure.Storage", "ClubeRank.Infrastructure.Storage\ClubeRank.Infrastructure.Storage.csproj", "{4D95D5AE-A995-4EAE-936E-E87CE3DF8CC5}"
EndProject
Project("{FAE04EC0-301F-11D3-BF4B-00C04F79EFBC}") = "ClubeRank.Infrastructure.CrossCutting", "ClubeRank.Infrastructure.CrossCutting\ClubeRank.Infrastructure.CrossCutting.csproj", "{032D614D-CCD8-4197-B5E6-902777037001}"
EndProject
Global
	GlobalSection(SolutionConfigurationPlatforms) = preSolution
		Debug|Any CPU = Debug|Any CPU
		Debug|x64 = Debug|x64
		Debug|x86 = Debug|x86
		Release|Any CPU = Release|Any CPU
		Release|x64 = Release|x64
		Release|x86 = Release|x86
	EndGlobalSection
	GlobalSection(ProjectConfigurationPlatforms) = postSolution
		{84FD118B-330A-4412-8798-107A23B300F2}.Debug|Any CPU.ActiveCfg = Debug|Any CPU
		{84FD118B-330A-4412-8798-107A23B300F2}.Debug|Any CPU.Build.0 = Debug|Any CPU
		{84FD118B-330A-4412-8798-107A23B300F2}.Debug|x64.ActiveCfg = Debug|Any CPU
		{84FD118B-330A-4412-8798-107A23B300F2}.Debug|x64.Build.0 = Debug|Any CPU
		{84FD118B-330A-4412-8798-107A23B300F2}.Debug|x86.ActiveCfg = Debug|Any CPU
		{84FD118B-330A-4412-8798-107A23B300F2}.Debug|x86.Build.0 = Debug|Any CPU
		{84FD118B-330A-4412-8798-107A23B300F2}.Release|Any CPU.ActiveCfg = Release|Any CPU
		{84FD118B-330A-4412-8798-107A23B300F2}.Release|Any CPU.Build.0 = Release|Any CPU
		{84FD118B-330A-4412-8798-107A23B300F2}.Release|x64.ActiveCfg = Release|Any CPU
		{84FD118B-330A-4412-8798-107A23B300F2}.Release|x64.Build.0 = Release|Any CPU
		{84FD118B-330A-4412-8798-107A23B300F2}.Release|x86.ActiveCfg = Release|Any CPU
		{84FD118B-330A-4412-8798-107A23B300F2}.Release|x86.Build.0 = Release|Any CPU
		{9E050378-A3A5-476F-8B29-C99AAEC3FF0A}.Debug|Any CPU.ActiveCfg = Debug|Any CPU
		{9E050378-A3A5-476F-8B29-C99AAEC3FF0A}.Debug|Any CPU.Build.0 = Debug|Any CPU
		{9E050378-A3A5-476F-8B29-C99AAEC3FF0A}.Debug|x64.ActiveCfg = Debug|Any CPU
		{9E050378-A3A5-476F-8B29-C99AAEC3FF0A}.Debug|x64.Build.0 = Debug|Any CPU
		{9E050378-A3A5-476F-8B29-C99AAEC3FF0A}.Debug|x86.ActiveCfg = Debug|Any CPU
		{9E050378-A3A5-476F-8B29-C99AAEC3FF0A}.Debug|x86.Build.0 = Debug|Any CPU
		{9E050378-A3A5-476F-8B29-C99AAEC3FF0A}.Release|Any CPU.ActiveCfg = Release|Any CPU
		{9E050378-A3A5-476F-8B29-C99AAEC3FF0A}.Release|Any CPU.Build.0 = Release|Any CPU
		{9E050378-A3A5-476F-8B29-C99AAEC3FF0A}.Release|x64.ActiveCfg = Release|Any CPU
		{9E050378-A3A5-476F-8B29-C99AAEC3FF0A}.Release|x64.Build.0 = Release|Any CPU
		{9E050378-A3A5-476F-8B29-C99AAEC3FF0A}.Release|x86.ActiveCfg = Release|Any CPU
		{9E050378-A3A5-476F-8B29-C99AAEC3FF0A}.Release|x86.Build.0 = Release|Any CPU
		{3F4C7841-55A4-416A-A747-6F1AB3AF7F72}.Debug|Any CPU.ActiveCfg = Debug|Any CPU
		{3F4C7841-55A4-416A-A747-6F1AB3AF7F72}.Debug|Any CPU.Build.0 = Debug|Any CPU
		{3F4C7841-55A4-416A-A747-6F1AB3AF7F72}.Debug|x64.ActiveCfg = Debug|Any CPU
		{3F4C7841-55A4-416A-A747-6F1AB3AF7F72}.Debug|x64.Build.0 = Debug|Any CPU
		{3F4C7841-55A4-416A-A747-6F1AB3AF7F72}.Debug|x86.ActiveCfg = Debug|Any CPU
		{3F4C7841-55A4-416A-A747-6F1AB3AF7F72}.Debug|x86.Build.0 = Debug|Any CPU
		{3F4C7841-55A4-416A-A747-6F1AB3AF7F72}.Release|Any CPU.ActiveCfg = Release|Any CPU
		{3F4C7841-55A4-416A-A747-6F1AB3AF7F72}.Release|Any CPU.Build.0 = Release|Any CPU
		{3F4C7841-55A4-416A-A747-6F1AB3AF7F72}.Release|x64.ActiveCfg = Release|Any CPU
		{3F4C7841-55A4-416A-A747-6F1AB3AF7F72}.Release|x64.Build.0 = Release|Any CPU
		{3F4C7841-55A4-416A-A747-6F1AB3AF7F72}.Release|x86.ActiveCfg = Release|Any CPU
		{3F4C7841-55A4-416A-A747-6F1AB3AF7F72}.Release|x86.Build.0 = Release|Any CPU
		{9B1AA101-C4DB-4EA9-8450-CE30921462C3}.Debug|Any CPU.ActiveCfg = Debug|Any CPU
		{9B1AA101-C4DB-4EA9-8450-CE30921462C3}.Debug|Any CPU.Build.0 = Debug|Any CPU
		{9B1AA101-C4DB-4EA9-8450-CE30921462C3}.Debug|x64.ActiveCfg = Debug|Any CPU
		{9B1AA101-C4DB-4EA9-8450-CE30921462C3}.Debug|x64.Build.0 = Debug|Any CPU
		{9B1AA101-C4DB-4EA9-8450-CE30921462C3}.Debug|x86.ActiveCfg = Debug|Any CPU
		{9B1AA101-C4DB-4EA9-8450-CE30921462C3}.Debug|x86.Build.0 = Debug|Any CPU
		{9B1AA101-C4DB-4EA9-8450-CE30921462C3}.Release|Any CPU.ActiveCfg = Release|Any CPU
		{9B1AA101-C4DB-4EA9-8450-CE30921462C3}.Release|Any CPU.Build.0 = Release|Any CPU
		{9B1AA101-C4DB-4EA9-8450-CE30921462C3}.Release|x64.ActiveCfg = Release|Any CPU
		{9B1AA101-C4DB-4EA9-8450-CE30921462C3}.Release|x64.Build.0 = Release|Any CPU
		{9B1AA101-C4DB-4EA9-8450-CE30921462C3}.Release|x86.ActiveCfg = Release|Any CPU
		{9B1AA101-C4DB-4EA9-8450-CE30921462C3}.Release|x86.Build.0 = Release|Any CPU
		{206E9442-FD56-4828-8C3E-B7B7A04D04C5}.Debug|Any CPU.ActiveCfg = Debug|Any CPU
		{206E9442-FD56-4828-8C3E-B7B7A04D04C5}.Debug|Any CPU.Build.0 = Debug|Any CPU
		{206E9442-FD56-4828-8C3E-B7B7A04D04C5}.Debug|x64.ActiveCfg = Debug|Any CPU
		{206E9442-FD56-4828-8C3E-B7B7A04D04C5}.Debug|x64.Build.0 = Debug|Any CPU
		{206E9442-FD56-4828-8C3E-B7B7A04D04C5}.Debug|x86.ActiveCfg = Debug|Any CPU
		{206E9442-FD56-4828-8C3E-B7B7A04D04C5}.Debug|x86.Build.0 = Debug|Any CPU
		{206E9442-FD56-4828-8C3E-B7B7A04D04C5}.Release|Any CPU.ActiveCfg = Release|Any CPU
		{206E9442-FD56-4828-8C3E-B7B7A04D04C5}.Release|Any CPU.Build.0 = Release|Any CPU
		{206E9442-FD56-4828-8C3E-B7B7A04D04C5}.Release|x64.ActiveCfg = Release|Any CPU
		{206E9442-FD56-4828-8C3E-B7B7A04D04C5}.Release|x64.Build.0 = Release|Any CPU
		{206E9442-FD56-4828-8C3E-B7B7A04D04C5}.Release|x86.ActiveCfg = Release|Any CPU
		{206E9442-FD56-4828-8C3E-B7B7A04D04C5}.Release|x86.Build.0 = Release|Any CPU
		{A5C62E26-6D59-4915-8150-D867AF9427F1}.Debug|Any CPU.ActiveCfg = Debug|Any CPU
		{A5C62E26-6D59-4915-8150-D867AF9427F1}.Debug|Any CPU.Build.0 = Debug|Any CPU
		{A5C62E26-6D59-4915-8150-D867AF9427F1}.Debug|x64.ActiveCfg = Debug|Any CPU
		{A5C62E26-6D59-4915-8150-D867AF9427F1}.Debug|x64.Build.0 = Debug|Any CPU
		{A5C62E26-6D59-4915-8150-D867AF9427F1}.Debug|x86.ActiveCfg = Debug|Any CPU
		{A5C62E26-6D59-4915-8150-D867AF9427F1}.Debug|x86.Build.0 = Debug|Any CPU
		{A5C62E26-6D59-4915-8150-D867AF9427F1}.Release|Any CPU.ActiveCfg = Release|Any CPU
		{A5C62E26-6D59-4915-8150-D867AF9427F1}.Release|Any CPU.Build.0 = Release|Any CPU
		{A5C62E26-6D59-4915-8150-D867AF9427F1}.Release|x64.ActiveCfg = Release|Any CPU
		{A5C62E26-6D59-4915-8150-D867AF9427F1}.Release|x64.Build.0 = Release|Any CPU
		{A5C62E26-6D59-4915-8150-D867AF9427F1}.Release|x86.ActiveCfg = Release|Any CPU
		{A5C62E26-6D59-4915-8150-D867AF9427F1}.Release|x86.Build.0 = Release|Any CPU
		{4D95D5AE-A995-4EAE-936E-E87CE3DF8CC5}.Debug|Any CPU.ActiveCfg = Debug|Any CPU
		{4D95D5AE-A995-4EAE-936E-E87CE3DF8CC5}.Debug|Any CPU.Build.0 = Debug|Any CPU
		{4D95D5AE-A995-4EAE-936E-E87CE3DF8CC5}.Debug|x64.ActiveCfg = Debug|Any CPU
		{4D95D5AE-A995-4EAE-936E-E87CE3DF8CC5}.Debug|x64.Build.0 = Debug|Any CPU
		{4D95D5AE-A995-4EAE-936E-E87CE3DF8CC5}.Debug|x86.ActiveCfg = Debug|Any CPU
		{4D95D5AE-A995-4EAE-936E-E87CE3DF8CC5}.Debug|x86.Build.0 = Debug|Any CPU
		{4D95D5AE-A995-4EAE-936E-E87CE3DF8CC5}.Release|Any CPU.ActiveCfg = Release|Any CPU
		{4D95D5AE-A995-4EAE-936E-E87CE3DF8CC5}.Release|Any CPU.Build.0 = Release|Any CPU
		{4D95D5AE-A995-4EAE-936E-E87CE3DF8CC5}.Release|x64.ActiveCfg = Release|Any CPU
		{4D95D5AE-A995-4EAE-936E-E87CE3DF8CC5}.Release|x64.Build.0 = Release|Any CPU
		{4D95D5AE-A995-4EAE-936E-E87CE3DF8CC5}.Release|x86.ActiveCfg = Release|Any CPU
		{4D95D5AE-A995-4EAE-936E-E87CE3DF8CC5}.Release|x86.Build.0 = Release|Any CPU
		{032D614D-CCD8-4197-B5E6-902777037001}.Debug|Any CPU.ActiveCfg = Debug|Any CPU
		{032D614D-CCD8-4197-B5E6-902777037001}.Debug|Any CPU.Build.0 = Debug|Any CPU
		{032D614D-CCD8-4197-B5E6-902777037001}.Debug|x64.ActiveCfg = Debug|Any CPU
		{032D614D-CCD8-4197-B5E6-902777037001}.Debug|x64.Build.0 = Debug|Any CPU
		{032D614D-CCD8-4197-B5E6-902777037001}.Debug|x86.ActiveCfg = Debug|Any CPU
		{032D614D-CCD8-4197-B5E6-902777037001}.Debug|x86.Build.0 = Debug|Any CPU
		{032D614D-CCD8-4197-B5E6-902777037001}.Release|Any CPU.ActiveCfg = Release|Any CPU
		{032D614D-CCD8-4197-B5E6-902777037001}.Release|Any CPU.Build.0 = Release|Any CPU
		{032D614D-CCD8-4197-B5E6-902777037001}.Release|x64.ActiveCfg = Release|Any CPU
		{032D614D-CCD8-4197-B5E6-902777037001}.Release|x64.Build.0 = Release|Any CPU
		{032D614D-CCD8-4197-B5E6-902777037001}.Release|x86.ActiveCfg = Release|Any CPU
		{032D614D-CCD8-4197-B5E6-902777037001}.Release|x86.Build.0 = Release|Any CPU
	EndGlobalSection
	GlobalSection(SolutionProperties) = preSolution
		HideSolutionNode = FALSE
	EndGlobalSection
EndGlobal
